
Microsoft Visual Studio Solution File, Format Version 12.00
# Visual Studio Version 17
VisualStudioVersion = 17.4.33205.214
MinimumVisualStudioVersion = 10.0.40219.1
Project("{FAE04EC0-301F-11D3-BF4B-00C04F79EFBC}") = "EmailServiceApi", "EmailServiceApi\EmailServiceApi.csproj", "{D90EDC1C-F298-43ED-8B3F-2E63C3FC9C96}"
EndProject
Global
	GlobalSection(SolutionConfigurationPlatforms) = preSolution
		Debug|Any CPU = Debug|Any CPU
		Release|Any CPU = Release|Any CPU
	EndGlobalSection
	GlobalSection(ProjectConfigurationPlatforms) = postSolution
		{D90EDC1C-F298-43ED-8B3F-2E63C3FC9C96}.Debug|Any CPU.ActiveCfg = Debug|Any CPU
		{D90EDC1C-F298-43ED-8B3F-2E63C3FC9C96}.Debug|Any CPU.Build.0 = Debug|Any CPU
		{D90EDC1C-F298-43ED-8B3F-2E63C3FC9C96}.Release|Any CPU.ActiveCfg = Release|Any CPU
		{D90EDC1C-F298-43ED-8B3F-2E63C3FC9C96}.Release|Any CPU.Build.0 = Release|Any CPU
	EndGlobalSection
	GlobalSection(SolutionProperties) = preSolution
		HideSolutionNode = FALSE
	EndGlobalSection
	GlobalSection(ExtensibilityGlobals) = postSolution
		SolutionGuid = {5E8E0856-905F-4704-A7EE-4841E30841E5}
	EndGlobalSection
EndGlobal
